
Microsoft Visual Studio Solution File, Format Version 12.00
# Visual Studio 15
VisualStudioVersion = 15.0.28010.2048
MinimumVisualStudioVersion = 10.0.40219.1
Project("{FAE04EC0-301F-11D3-BF4B-00C04F79EFBC}") = "TennisPro", "TennisPro\TennisPro.csproj", "{98B4CC23-0097-477C-A83B-9AFC7BFA51BB}"
EndProject
Project("{FAE04EC0-301F-11D3-BF4B-00C04F79EFBC}") = "ApplocationCore", "ApplocationCore\ApplocationCore.csproj", "{04F60E3C-EE9D-49D5-8839-4250C7C00959}"
EndProject
Global
	GlobalSection(SolutionConfigurationPlatforms) = preSolution
		Debug|Any CPU = Debug|Any CPU
		Release|Any CPU = Release|Any CPU
	EndGlobalSection
	GlobalSection(ProjectConfigurationPlatforms) = postSolution
		{98B4CC23-0097-477C-A83B-9AFC7BFA51BB}.Debug|Any CPU.ActiveCfg = Debug|Any CPU
		{98B4CC23-0097-477C-A83B-9AFC7BFA51BB}.Debug|Any CPU.Build.0 = Debug|Any CPU
		{98B4CC23-0097-477C-A83B-9AFC7BFA51BB}.Release|Any CPU.ActiveCfg = Release|Any CPU
		{98B4CC23-0097-477C-A83B-9AFC7BFA51BB}.Release|Any CPU.Build.0 = Release|Any CPU
		{04F60E3C-EE9D-49D5-8839-4250C7C00959}.Debug|Any CPU.ActiveCfg = Debug|Any CPU
		{04F60E3C-EE9D-49D5-8839-4250C7C00959}.Debug|Any CPU.Build.0 = Debug|Any CPU
		{04F60E3C-EE9D-49D5-8839-4250C7C00959}.Release|Any CPU.ActiveCfg = Release|Any CPU
		{04F60E3C-EE9D-49D5-8839-4250C7C00959}.Release|Any CPU.Build.0 = Release|Any CPU
	EndGlobalSection
	GlobalSection(SolutionProperties) = preSolution
		HideSolutionNode = FALSE
	EndGlobalSection
	GlobalSection(ExtensibilityGlobals) = postSolution
		SolutionGuid = {D2CE43AE-5BA2-4683-B09C-22D83AEEEF2B}
	EndGlobalSection
EndGlobal
